
Microsoft Visual Studio Solution File, Format Version 12.00
# Visual Studio Version 16
VisualStudioVersion = 16.0.29519.181
MinimumVisualStudioVersion = 10.0.40219.1
Project("{FAE04EC0-301F-11D3-BF4B-00C04F79EFBC}") = "Stend_3", "Stend_3.csproj", "{BEA2CAC5-0D37-4F99-8627-CB14D8ED99E7}"
EndProject
Global
	GlobalSection(SolutionConfigurationPlatforms) = preSolution
		Debug|Any CPU = Debug|Any CPU
		Release|Any CPU = Release|Any CPU
	EndGlobalSection
	GlobalSection(ProjectConfigurationPlatforms) = postSolution
		{BEA2CAC5-0D37-4F99-8627-CB14D8ED99E7}.Debug|Any CPU.ActiveCfg = Debug|Any CPU
		{BEA2CAC5-0D37-4F99-8627-CB14D8ED99E7}.Debug|Any CPU.Build.0 = Debug|Any CPU
		{BEA2CAC5-0D37-4F99-8627-CB14D8ED99E7}.Release|Any CPU.ActiveCfg = Release|Any CPU
		{BEA2CAC5-0D37-4F99-8627-CB14D8ED99E7}.Release|Any CPU.Build.0 = Release|Any CPU
	EndGlobalSection
	GlobalSection(SolutionProperties) = preSolution
		HideSolutionNode = FALSE
	EndGlobalSection
	GlobalSection(ExtensibilityGlobals) = postSolution
		SolutionGuid = {2037D275-8B0E-49D1-A33E-F10EFCC7C702}
	EndGlobalSection
EndGlobal
